
Microsoft Visual Studio Solution File, Format Version 12.00
# Visual Studio Version 17
VisualStudioVersion = 17.12.35527.113 d17.12
MinimumVisualStudioVersion = 10.0.40219.1
Project("{FAE04EC0-301F-11D3-BF4B-00C04F79EFBC}") = "StackCollection", "StackCollection\StackCollection.csproj", "{6CD460C4-919D-4410-9C42-7DA16016199B}"
EndProject
Global
	GlobalSection(SolutionConfigurationPlatforms) = preSolution
		Debug|Any CPU = Debug|Any CPU
		Release|Any CPU = Release|Any CPU
	EndGlobalSection
	GlobalSection(ProjectConfigurationPlatforms) = postSolution
		{6CD460C4-919D-4410-9C42-7DA16016199B}.Debug|Any CPU.ActiveCfg = Debug|Any CPU
		{6CD460C4-919D-4410-9C42-7DA16016199B}.Debug|Any CPU.Build.0 = Debug|Any CPU
		{6CD460C4-919D-4410-9C42-7DA16016199B}.Release|Any CPU.ActiveCfg = Release|Any CPU
		{6CD460C4-919D-4410-9C42-7DA16016199B}.Release|Any CPU.Build.0 = Release|Any CPU
	EndGlobalSection
	GlobalSection(SolutionProperties) = preSolution
		HideSolutionNode = FALSE
	EndGlobalSection
EndGlobal
