
Microsoft Visual Studio Solution File, Format Version 12.00
# Visual Studio Version 17
VisualStudioVersion = 17.13.35931.197 d17.13
MinimumVisualStudioVersion = 10.0.40219.1
Project("{FAE04EC0-301F-11D3-BF4B-00C04F79EFBC}") = "expresionesRegulares", "expresionesRegulares\expresionesRegulares.csproj", "{061ECA96-0340-4400-89E5-D9D2E5AAA9C8}"
EndProject
Global
	GlobalSection(SolutionConfigurationPlatforms) = preSolution
		Debug|Any CPU = Debug|Any CPU
		Release|Any CPU = Release|Any CPU
	EndGlobalSection
	GlobalSection(ProjectConfigurationPlatforms) = postSolution
		{061ECA96-0340-4400-89E5-D9D2E5AAA9C8}.Debug|Any CPU.ActiveCfg = Debug|Any CPU
		{061ECA96-0340-4400-89E5-D9D2E5AAA9C8}.Debug|Any CPU.Build.0 = Debug|Any CPU
		{061ECA96-0340-4400-89E5-D9D2E5AAA9C8}.Release|Any CPU.ActiveCfg = Release|Any CPU
		{061ECA96-0340-4400-89E5-D9D2E5AAA9C8}.Release|Any CPU.Build.0 = Release|Any CPU
	EndGlobalSection
	GlobalSection(SolutionProperties) = preSolution
		HideSolutionNode = FALSE
	EndGlobalSection
	GlobalSection(ExtensibilityGlobals) = postSolution
		SolutionGuid = {2897FFF5-DEA5-4287-A8E1-6BCAA2811770}
	EndGlobalSection
EndGlobal
